
Microsoft Visual Studio Solution File, Format Version 12.00
# Visual Studio Version 17
VisualStudioVersion = 17.11.35312.102
MinimumVisualStudioVersion = 10.0.40219.1
Project("{9A19103F-16F7-4668-BE54-9A1E7A4F7556}") = "MarcosDuran_Ap1_P1", "MarcosDuran_Ap1_P1.csproj", "{A2F8976B-A116-498C-B05C-68AB64AFBC64}"
EndProject
Global
	GlobalSection(SolutionConfigurationPlatforms) = preSolution
		Debug|Any CPU = Debug|Any CPU
		Release|Any CPU = Release|Any CPU
	EndGlobalSection
	GlobalSection(ProjectConfigurationPlatforms) = postSolution
		{A2F8976B-A116-498C-B05C-68AB64AFBC64}.Debug|Any CPU.ActiveCfg = Debug|Any CPU
		{A2F8976B-A116-498C-B05C-68AB64AFBC64}.Debug|Any CPU.Build.0 = Debug|Any CPU
		{A2F8976B-A116-498C-B05C-68AB64AFBC64}.Release|Any CPU.ActiveCfg = Release|Any CPU
		{A2F8976B-A116-498C-B05C-68AB64AFBC64}.Release|Any CPU.Build.0 = Release|Any CPU
	EndGlobalSection
	GlobalSection(SolutionProperties) = preSolution
		HideSolutionNode = FALSE
	EndGlobalSection
	GlobalSection(ExtensibilityGlobals) = postSolution
		SolutionGuid = {CB906502-3D48-4007-AB3E-639AA75F0D40}
	EndGlobalSection
EndGlobal
